
Microsoft Visual Studio Solution File, Format Version 12.00
# Visual Studio Version 16
VisualStudioVersion = 16.0.32002.261
MinimumVisualStudioVersion = 10.0.40219.1
Project("{FAE04EC0-301F-11D3-BF4B-00C04F79EFBC}") = "KStore", "KStore\KStore.csproj", "{C21F9047-F767-441D-98F1-198C6E5EBCE0}"
EndProject
Global
	GlobalSection(SolutionConfigurationPlatforms) = preSolution
		Debug|Any CPU = Debug|Any CPU
		Release|Any CPU = Release|Any CPU
	EndGlobalSection
	GlobalSection(ProjectConfigurationPlatforms) = postSolution
		{C21F9047-F767-441D-98F1-198C6E5EBCE0}.Debug|Any CPU.ActiveCfg = Debug|Any CPU
		{C21F9047-F767-441D-98F1-198C6E5EBCE0}.Debug|Any CPU.Build.0 = Debug|Any CPU
		{C21F9047-F767-441D-98F1-198C6E5EBCE0}.Release|Any CPU.ActiveCfg = Release|Any CPU
		{C21F9047-F767-441D-98F1-198C6E5EBCE0}.Release|Any CPU.Build.0 = Release|Any CPU
	EndGlobalSection
	GlobalSection(SolutionProperties) = preSolution
		HideSolutionNode = FALSE
	EndGlobalSection
	GlobalSection(ExtensibilityGlobals) = postSolution
		SolutionGuid = {96917E74-A7E3-4543-826B-73F2780F6A28}
	EndGlobalSection
EndGlobal
